github.com/macdylan/SMFix/fix v0.0.0-20230711070459-f14213ec5911 h1:WX0B8W27C95aliqG5oLKoR7IhgbmSDmybat4ynq7Uf0=
github.com/macdylan/SMFix/fix v0.0.0-20230711070459-f14213ec5911/go.mod h1:dnB1MevhW7tICqBpQ2aHpVClwLdmSBUNmfV7jpRmiWw=
github.com/macdylan/SMFix/fix v0.0.0-20230729190514-f60760482894 h1:98zNITHViuwNPYthwPXY5wBOEev5mGbWmoUC/+uuMIg=
github.com/macdylan/SMFix/fix v0.0.0-20230729190514-f60760482894/go.mod h1:dnB1MevhW7tICqBpQ2aHpVClwLdmSBUNmfV7jpRmiWw=
