github.com/macdylan/SMFix/fix v0.0.0-20230730143619-b69099bac91a h1:uY3tXGH673Cna8ETZyQroNq/zqN+10f6NNmEQx01SrM=
github.com/macdylan/SMFix/fix v0.0.0-20230730143619-b69099bac91a/go.mod h1:dnB1MevhW7tICqBpQ2aHpVClwLdmSBUNmfV7jpRmiWw=
github.com/macdylan/SMFix/fix v0.0.0-20230731072358-03b385d0df5a h1:yy0uQ23OaihOPf88+TWqwFPJTdCsPQTfkQBRtYqug44=
github.com/macdylan/SMFix/fix v0.0.0-20230731072358-03b385d0df5a/go.mod h1:dnB1MevhW7tICqBpQ2aHpVClwLdmSBUNmfV7jpRmiWw=
